<?xml version="1.0" encoding="utf-8"?>
<Project ToolsVersion="4.0" xmlns="http://schemas.microsoft.com/developer/msbuild/2003">
  <ItemGroup>
    <Filter Include="Source Files">
      <UniqueIdentifier>{4FC737F1-C7A5-4376-A066-2A32D752A2FF}</UniqueIdentifier>
      <Extensions>cpp;c;cc;cxx;c++;cppm;ixx;def;odl;idl;hpj;bat;asm;asmx</Extensions>
    </Filter>
    <Filter Include="Header Files">
      <UniqueIdentifier>{93995380-89BD-4b04-88EB-625FBE52EBFB}</UniqueIdentifier>
      <Extensions>h;hh;hpp;hxx;h++;hm;inl;inc;ipp;xsd</Extensions>
    </Filter>
    <Filter Include="Resource Files">
      <UniqueIdentifier>{67DA6AB6-F800-4c08-8B7A-83BB121AAD01}</UniqueIdentifier>
      <Extensions>rc;ico;cur;bmp;dlg;rc2;rct;bin;rgs;gif;jpg;jpeg;jpe;resx;tiff;tif;png;wav;mfcribbon-ms</Extensions>
    </Filter>
    <Filter Include="Source Files\Code">
      <UniqueIdentifier>{0c4960e2-5940-40e3-af2b-a9fef338ec0d}</UniqueIdentifier>
    </Filter>
    <Filter Include="Source Files\Code\Utilities">
      <UniqueIdentifier>{fb768252-cd06-4fb9-8d72-4182cc358b7a}</UniqueIdentifier>
    </Filter>
    <Filter Include="Source Files\Code\Player">
      <UniqueIdentifier>{304e01cc-7ee4-4ad2-bf9b-b0b87bda4db2}</UniqueIdentifier>
    </Filter>
    <Filter Include="Source Files\Code\Bullet">
      <UniqueIdentifier>{eb09cfaa-751e-4b0a-a8d6-13e0fb3db5bb}</UniqueIdentifier>
    </Filter>
    <Filter Include="Source Files\Code\Bullet\BulletManager">
      <UniqueIdentifier>{e599b992-8bab-4090-87d4-6a72e078d467}</UniqueIdentifier>
    </Filter>
    <Filter Include="Source Files\Code\Enemies">
      <UniqueIdentifier>{bc628739-fe20-43a3-9223-cd316b124bd1}</UniqueIdentifier>
    </Filter>
    <Filter Include="Source Files\Code\Enemies\EnemyManager">
      <UniqueIdentifier>{6b4abd59-7a0b-4864-b2c8-e0705393be30}</UniqueIdentifier>
    </Filter>
    <Filter Include="Source Files\Code\App">
      <UniqueIdentifier>{3d9a23aa-57f7-4287-947e-4b4071b8abe6}</UniqueIdentifier>
    </Filter>
    <Filter Include="Source Files\Code\ScoreManager">
      <UniqueIdentifier>{5f06606e-59fd-44eb-9ffb-f8d81ccb50d3}</UniqueIdentifier>
    </Filter>
  </ItemGroup>
  <ItemGroup>
    <ClCompile Include="Main.cpp">
      <Filter>Source Files\Code</Filter>
    </ClCompile>
    <ClCompile Include="Player.cpp">
      <Filter>Source Files\Code\Player</Filter>
    </ClCompile>
    <ClCompile Include="Bullet.cpp">
      <Filter>Source Files\Code\Bullet</Filter>
    </ClCompile>
    <ClCompile Include="BulletManager.cpp">
      <Filter>Source Files\Code\Bullet\BulletManager</Filter>
    </ClCompile>
    <ClCompile Include="EnemyManager.cpp">
      <Filter>Source Files\Code\Enemies\EnemyManager</Filter>
    </ClCompile>
    <ClCompile Include="Enemy.cpp">
      <Filter>Source Files\Code\Enemies</Filter>
    </ClCompile>
    <ClCompile Include="App.cpp">
      <Filter>Source Files\Code\App</Filter>
    </ClCompile>
    <ClCompile Include="ScoreManager.cpp">
      <Filter>Source Files\Code\ScoreManager</Filter>
    </ClCompile>
  </ItemGroup>
  <ItemGroup>
    <ClInclude Include="CommonMacros.h">
      <Filter>Source Files\Code\Utilities</Filter>
    </ClInclude>
    <ClInclude Include="GrowingArray.h">
      <Filter>Source Files\Code\Utilities</Filter>
    </ClInclude>
    <ClInclude Include="Player.h">
      <Filter>Source Files\Code\Player</Filter>
    </ClInclude>
    <ClInclude Include="Bullet.h">
      <Filter>Source Files\Code\Bullet</Filter>
    </ClInclude>
    <ClInclude Include="BulletManager.h">
      <Filter>Source Files\Code\Bullet\BulletManager</Filter>
    </ClInclude>
    <ClInclude Include="EnemyManager.h">
      <Filter>Source Files\Code\Enemies\EnemyManager</Filter>
    </ClInclude>
    <ClInclude Include="Enemy.h">
      <Filter>Source Files\Code\Enemies</Filter>
    </ClInclude>
    <ClInclude Include="App.h">
      <Filter>Source Files\Code\App</Filter>
    </ClInclude>
    <ClInclude Include="ScoreManager.h">
      <Filter>Source Files\Code\ScoreManager</Filter>
    </ClInclude>
  </ItemGroup>
</Project>